
Microsoft Visual Studio Solution File, Format Version 12.00
# Visual Studio Version 17
VisualStudioVersion = 17.9.34622.214
MinimumVisualStudioVersion = 10.0.40219.1
Project("{FAE04EC0-301F-11D3-BF4B-00C04F79EFBC}") = "Introduction.Web", "Introduction.Web.csproj", "{D9FB1844-660F-43E3-990D-2A81C190CCBC}"
EndProject
Global
	GlobalSection(SolutionConfigurationPlatforms) = preSolution
		Debug|Any CPU = Debug|Any CPU
		Release|Any CPU = Release|Any CPU
	EndGlobalSection
	GlobalSection(ProjectConfigurationPlatforms) = postSolution
		{D9FB1844-660F-43E3-990D-2A81C190CCBC}.Debug|Any CPU.ActiveCfg = Debug|Any CPU
		{D9FB1844-660F-43E3-990D-2A81C190CCBC}.Debug|Any CPU.Build.0 = Debug|Any CPU
		{D9FB1844-660F-43E3-990D-2A81C190CCBC}.Release|Any CPU.ActiveCfg = Release|Any CPU
		{D9FB1844-660F-43E3-990D-2A81C190CCBC}.Release|Any CPU.Build.0 = Release|Any CPU
	EndGlobalSection
	GlobalSection(SolutionProperties) = preSolution
		HideSolutionNode = FALSE
	EndGlobalSection
	GlobalSection(ExtensibilityGlobals) = postSolution
		SolutionGuid = {0C325073-8758-4377-A66E-76114269547B}
	EndGlobalSection
EndGlobal
